
Microsoft Visual Studio Solution File, Format Version 12.00
# Visual Studio Version 16
VisualStudioVersion = 16.0.31019.35
MinimumVisualStudioVersion = 10.0.40219.1
Project("{FAE04EC0-301F-11D3-BF4B-00C04F79EFBC}") = "PatrónB", "PatrónB\PatrónB.csproj", "{D7716CBB-BB4F-4773-ABFB-B57A74057905}"
EndProject
Global
	GlobalSection(SolutionConfigurationPlatforms) = preSolution
		Debug|Any CPU = Debug|Any CPU
		Release|Any CPU = Release|Any CPU
	EndGlobalSection
	GlobalSection(ProjectConfigurationPlatforms) = postSolution
		{D7716CBB-BB4F-4773-ABFB-B57A74057905}.Debug|Any CPU.ActiveCfg = Debug|Any CPU
		{D7716CBB-BB4F-4773-ABFB-B57A74057905}.Debug|Any CPU.Build.0 = Debug|Any CPU
		{D7716CBB-BB4F-4773-ABFB-B57A74057905}.Release|Any CPU.ActiveCfg = Release|Any CPU
		{D7716CBB-BB4F-4773-ABFB-B57A74057905}.Release|Any CPU.Build.0 = Release|Any CPU
	EndGlobalSection
	GlobalSection(SolutionProperties) = preSolution
		HideSolutionNode = FALSE
	EndGlobalSection
	GlobalSection(ExtensibilityGlobals) = postSolution
		SolutionGuid = {48271EDD-D1FF-4317-8EB2-505F95FB6594}
	EndGlobalSection
EndGlobal
